// !$*UTF8*$!
{
	archiveVersion = 1;
	classes = {
	};
	objectVersion = 56;
	objects = {

/* Begin PBXBuildFile section */
		906F47E12C800BEB000BFF3C /* AppDelegate.swift in Sources */ = {isa = PBXBuildFile; fileRef = 906F47E02C800BEB000BFF3C /* AppDelegate.swift */; };
		906F47E32C800BEB000BFF3C /* SceneDelegate.swift in Sources */ = {isa = PBXBuildFile; fileRef = 906F47E22C800BEB000BFF3C /* SceneDelegate.swift */; };
		906F47E52C800BEB000BFF3C /* ViewController.swift in Sources */ = {isa = PBXBuildFile; fileRef = 906F47E42C800BEB000BFF3C /* ViewController.swift */; };
		906F47E82C800BEB000BFF3C /* Base in Resources */ = {isa = PBXBuildFile; fileRef = 906F47E72C800BEB000BFF3C /* Base */; };
		906F47EA2C800BEC000BFF3C /* Assets.xcassets in Resources */ = {isa = PBXBuildFile; fileRef = 906F47E92C800BEC000BFF3C /* Assets.xcassets */; };
		906F47ED2C800BEC000BFF3C /* Base in Resources */ = {isa = PBXBuildFile; fileRef = 906F47EC2C800BEC000BFF3C /* Base */; };
		906F47F62C801E26000BFF3C /* PlayerManager.swift in Sources */ = {isa = PBXBuildFile; fileRef = 906F47F52C801E26000BFF3C /* PlayerManager.swift */; };
		90808C7A2C8AAE5E00AD7AC7 /* TableViewCell.xib in Resources */ = {isa = PBXBuildFile; fileRef = 90808C792C8AAE5E00AD7AC7 /* TableViewCell.xib */; };
		90808C7B2C8AAE5E00AD7AC7 /* TableViewCell.swift in Sources */ = {isa = PBXBuildFile; fileRef = 90808C782C8AAE5E00AD7AC7 /* TableViewCell.swift */; };
/* End PBXBuildFile section */

/* Begin PBXFileReference section */
		906F47DD2C800BEB000BFF3C /* TFTApi.app */ = {isa = PBXFileReference; explicitFileType = wrapper.application; includeInIndex = 0; path = TFTApi.app; sourceTree = BUILT_PRODUCTS_DIR; };
		906F47E02C800BEB000BFF3C /* AppDelegate.swift */ = {isa = PBXFileReference; lastKnownFileType = sourcecode.swift; path = AppDelegate.swift; sourceTree = "<group>"; };
		906F47E22C800BEB000BFF3C /* SceneDelegate.swift */ = {isa = PBXFileReference; lastKnownFileType = sourcecode.swift; path = SceneDelegate.swift; sourceTree = "<group>"; };
		906F47E42C800BEB000BFF3C /* ViewController.swift */ = {isa = PBXFileReference; lastKnownFileType = sourcecode.swift; path = ViewController.swift; sourceTree = "<group>"; };
		906F47E72C800BEB000BFF3C /* Base */ = {isa = PBXFileReference; lastKnownFileType = file.storyboard; name = Base; path = Base.lproj/Main.storyboard; sourceTree = "<group>"; };
		906F47E92C800BEC000BFF3C /* Assets.xcassets */ = {isa = PBXFileReference; lastKnownFileType = folder.assetcatalog; path = Assets.xcassets; sourceTree = "<group>"; };
		906F47EC2C800BEC000BFF3C /* Base */ = {isa = PBXFileReference; lastKnownFileType = file.storyboard; name = Base; path = Base.lproj/LaunchScreen.storyboard; sourceTree = "<group>"; };
		906F47EE2C800BEC000BFF3C /* Info.plist */ = {isa = PBXFileReference; lastKnownFileType = text.plist.xml; path = Info.plist; sourceTree = "<group>"; };
		906F47F52C801E26000BFF3C /* PlayerManager.swift */ = {isa = PBXFileReference; lastKnownFileType = sourcecode.swift; path = PlayerManager.swift; sourceTree = "<group>"; };
		90808C782C8AAE5E00AD7AC7 /* TableViewCell.swift */ = {isa = PBXFileReference; lastKnownFileType = sourcecode.swift; path = TableViewCell.swift; sourceTree = "<group>"; };
		90808C792C8AAE5E00AD7AC7 /* TableViewCell.xib */ = {isa = PBXFileReference; lastKnownFileType = file.xib; path = TableViewCell.xib; sourceTree = "<group>"; };
/* End PBXFileReference section */

/* Begin PBXFrameworksBuildPhase section */
		906F47DA2C800BEB000BFF3C /* Frameworks */ = {
			isa = PBXFrameworksBuildPhase;
			buildActionMask = 2147483647;
			files = (
			);
			runOnlyForDeploymentPostprocessing = 0;
		};
/* End PBXFrameworksBuildPhase section */

/* Begin PBXGroup section */
		906F47D42C800BEB000BFF3C = {
			isa = PBXGroup;
			children = (
				906F47DF2C800BEB000BFF3C /* TFTApi */,
				906F47DE2C800BEB000BFF3C /* Products */,
			);
			sourceTree = "<group>";
		};
		906F47DE2C800BEB000BFF3C /* Products */ = {
			isa = PBXGroup;
			children = (
				906F47DD2C800BEB000BFF3C /* TFTApi.app */,
			);
			name = Products;
			sourceTree = "<group>";
		};
		906F47DF2C800BEB000BFF3C /* TFTApi */ = {
			isa = PBXGroup;
			children = (
				906F47F42C801E0B000BFF3C /* Model */,
				906F47E02C800BEB000BFF3C /* AppDelegate.swift */,
				906F47E22C800BEB000BFF3C /* SceneDelegate.swift */,
				906F47E42C800BEB000BFF3C /* ViewController.swift */,
				906F47E62C800BEB000BFF3C /* Main.storyboard */,
				906F47E92C800BEC000BFF3C /* Assets.xcassets */,
				906F47EB2C800BEC000BFF3C /* LaunchScreen.storyboard */,
				906F47EE2C800BEC000BFF3C /* Info.plist */,
				90808C782C8AAE5E00AD7AC7 /* TableViewCell.swift */,
				90808C792C8AAE5E00AD7AC7 /* TableViewCell.xib */,
			);
			path = TFTApi;
			sourceTree = "<group>";
		};
		906F47F42C801E0B000BFF3C /* Model */ = {
			isa = PBXGroup;
			children = (
				906F47F52C801E26000BFF3C /* PlayerManager.swift */,
			);
			path = Model;
			sourceTree = "<group>";
		};
/* End PBXGroup section */

/* Begin PBXNativeTarget section */
		906F47DC2C800BEB000BFF3C /* TFTApi */ = {
			isa = PBXNativeTarget;
			buildConfigurationList = 906F47F12C800BEC000BFF3C /* Build configuration list for PBXNativeTarget "TFTApi" */;
			buildPhases = (
				906F47D92C800BEB000BFF3C /* Sources */,
				906F47DA2C800BEB000BFF3C /* Frameworks */,
				906F47DB2C800BEB000BFF3C /* Resources */,
			);
			buildRules = (
			);
			dependencies = (
			);
			name = TFTApi;
			productName = TFTApi;
			productReference = 906F47DD2C800BEB000BFF3C /* TFTApi.app */;
			productType = "com.apple.product-type.application";
		};
/* End PBXNativeTarget section */

/* Begin PBXProject section */
		906F47D52C800BEB000BFF3C /* Project object */ = {
			isa = PBXProject;
			attributes = {
				BuildIndependentTargetsInParallel = 1;
				LastSwiftUpdateCheck = 1540;
				LastUpgradeCheck = 1540;
				TargetAttributes = {
					906F47DC2C800BEB000BFF3C = {
						CreatedOnToolsVersion = 15.4;
					};
				};
			};
			buildConfigurationList = 906F47D82C800BEB000BFF3C /* Build configuration list for PBXProject "TFTApi" */;
			compatibilityVersion = "Xcode 14.0";
			developmentRegion = en;
			hasScannedForEncodings = 0;
			knownRegions = (
				en,
				Base,
			);
			mainGroup = 906F47D42C800BEB000BFF3C;
			productRefGroup = 906F47DE2C800BEB000BFF3C /* Products */;
			projectDirPath = "";
			projectRoot = "";
			targets = (
				906F47DC2C800BEB000BFF3C /* TFTApi */,
			);
		};
/* End PBXProject section */

/* Begin PBXResourcesBuildPhase section */
		906F47DB2C800BEB000BFF3C /* Resources */ = {
			isa = PBXResourcesBuildPhase;
			buildActionMask = 2147483647;
			files = (
				906F47EA2C800BEC000BFF3C /* Assets.xcassets in Resources */,
				90808C7A2C8AAE5E00AD7AC7 /* TableViewCell.xib in Resources */,
				906F47ED2C800BEC000BFF3C /* Base in Resources */,
				906F47E82C800BEB000BFF3C /* Base in Resources */,
			);
			runOnlyForDeploymentPostprocessing = 0;
		};
/* End PBXResourcesBuildPhase section */

/* Begin PBXSourcesBuildPhase section */
		906F47D92C800BEB000BFF3C /* Sources */ = {
			isa = PBXSourcesBuildPhase;
			buildActionMask = 2147483647;
			files = (
				90808C7B2C8AAE5E00AD7AC7 /* TableViewCell.swift in Sources */,
				906F47E52C800BEB000BFF3C /* ViewController.swift in Sources */,
				906F47E12C800BEB000BFF3C /* AppDelegate.swift in Sources */,
				906F47F62C801E26000BFF3C /* PlayerManager.swift in Sources */,
				906F47E32C800BEB000BFF3C /* SceneDelegate.swift in Sources */,
			);
			runOnlyForDeploymentPostprocessing = 0;
		};
/* End PBXSourcesBuildPhase section */

/* Begin PBXVariantGroup section */
		906F47E62C800BEB000BFF3C /* Main.storyboard */ = {
			isa = PBXVariantGroup;
			children = (
				906F47E72C800BEB000BFF3C /* Base */,
			);
			name = Main.storyboard;
			sourceTree = "<group>";
		};
		906F47EB2C800BEC000BFF3C /* LaunchScreen.storyboard */ = {
			isa = PBXVariantGroup;
			children = (
				906F47EC2C800BEC000BFF3C /* Base */,
			);
			name = LaunchScreen.storyboard;
			sourceTree = "<group>";
		};
/* End PBXVariantGroup section */

/* Begin XCBuildConfiguration section */
		906F47EF2C800BEC000BFF3C /* Debug */ = {
			isa = XCBuildConfiguration;
			buildSettings = {
				ALWAYS_SEARCH_USER_PATHS = NO;
				ASSETCATALOG_COMPILER_GENERATE_SWIFT_ASSET_SYMBOL_EXTENSIONS = YES;
				CLANG_ANALYZER_NONNULL = YES;
				CLANG_ANALYZER_NUMBER_OBJECT_CONVERSION = YES_AGGRESSIVE;
				CLANG_CXX_LANGUAGE_STANDARD = "gnu++20";
				CLANG_ENABLE_MODULES = YES;
				CLANG_ENABLE_OBJC_ARC = YES;
				CLANG_ENABLE_OBJC_WEAK = YES;
				CLANG_WARN_BLOCK_CAPTURE_AUTORELEASING = YES;
				CLANG_WARN_BOOL_CONVERSION = YES;
				CLANG_WARN_COMMA = YES;
				CLANG_WARN_CONSTANT_CONVERSION = YES;
				CLANG_WARN_DEPRECATED_OBJC_IMPLEMENTATIONS = YES;
				CLANG_WARN_DIRECT_OBJC_ISA_USAGE = YES_ERROR;
				CLANG_WARN_DOCUMENTATION_COMMENTS = YES;
				CLANG_WARN_EMPTY_BODY = YES;
				CLANG_WARN_ENUM_CONVERSION = YES;
				CLANG_WARN_INFINITE_RECURSION = YES;
				CLANG_WARN_INT_CONVERSION = YES;
				CLANG_WARN_NON_LITERAL_NULL_CONVERSION = YES;
				CLANG_WARN_OBJC_IMPLICIT_RETAIN_SELF = YES;
				CLANG_WARN_OBJC_LITERAL_CONVERSION = YES;
				CLANG_WARN_OBJC_ROOT_CLASS = YES_ERROR;
				CLANG_WARN_QUOTED_INCLUDE_IN_FRAMEWORK_HEADER = YES;
				CLANG_WARN_RANGE_LOOP_ANALYSIS = YES;
				CLANG_WARN_STRICT_PROTOTYPES = YES;
				CLANG_WARN_SUSPICIOUS_MOVE = YES;
				CLANG_WARN_UNGUARDED_AVAILABILITY = YES_AGGRESSIVE;
				CLANG_WARN_UNREACHABLE_CODE = YES;
				CLANG_WARN__DUPLICATE_METHOD_MATCH = YES;
				COPY_PHASE_STRIP = NO;
				DEBUG_INFORMATION_FORMAT = dwarf;
				ENABLE_STRICT_OBJC_MSGSEND = YES;
				ENABLE_TESTABILITY = YES;
				ENABLE_USER_SCRIPT_SANDBOXING = YES;
				GCC_C_LANGUAGE_STANDARD = gnu17;
				GCC_DYNAMIC_NO_PIC = NO;
				GCC_NO_COMMON_BLOCKS = YES;
				GCC_OPTIMIZATION_LEVEL = 0;
				GCC_PREPROCESSOR_DEFINITIONS = (
					"DEBUG=1",
					"$(inherited)",
				);
				GCC_WARN_64_TO_32_BIT_CONVERSION = YES;
				GCC_WARN_ABOUT_RETURN_TYPE = YES_ERROR;
				GCC_WARN_UNDECLARED_SELECTOR = YES;
				GCC_WARN_UNINITIALIZED_AUTOS = YES_AGGRESSIVE;
				GCC_WARN_UNUSED_FUNCTION = YES;
				GCC_WARN_UNUSED_VARIABLE = YES;
				IPHONEOS_DEPLOYMENT_TARGET = 17.5;
				LOCALIZATION_PREFERS_STRING_CATALOGS = YES;
				MTL_ENABLE_DEBUG_INFO = INCLUDE_SOURCE;
				MTL_FAST_MATH = YES;
				ONLY_ACTIVE_ARCH = YES;
				SDKROOT = iphoneos;
				SWIFT_ACTIVE_COMPILATION_CONDITIONS = "DEBUG $(inherited)";
				SWIFT_OPTIMIZATION_LEVEL = "-Onone";
			};
			name = Debug;
		};
		906F47F02C800BEC000BFF3C /* Release */ = {
			isa = XCBuildConfiguration;
			buildSettings = {
				ALWAYS_SEARCH_USER_PATHS = NO;
				ASSETCATALOG_COMPILER_GENERATE_SWIFT_ASSET_SYMBOL_EXTENSIONS = YES;
				CLANG_ANALYZER_NONNULL = YES;
				CLANG_ANALYZER_NUMBER_OBJECT_CONVERSION = YES_AGGRESSIVE;
				CLANG_CXX_LANGUAGE_STANDARD = "gnu++20";
				CLANG_ENABLE_MODULES = YES;
				CLANG_ENABLE_OBJC_ARC = YES;
				CLANG_ENABLE_OBJC_WEAK = YES;
				CLANG_WARN_BLOCK_CAPTURE_AUTORELEASING = YES;
				CLANG_WARN_BOOL_CONVERSION = YES;
				CLANG_WARN_COMMA = YES;
				CLANG_WARN_CONSTANT_CONVERSION = YES;
				CLANG_WARN_DEPRECATED_OBJC_IMPLEMENTATIONS = YES;
				CLANG_WARN_DIRECT_OBJC_ISA_USAGE = YES_ERROR;
				CLANG_WARN_DOCUMENTATION_COMMENTS = YES;
				CLANG_WARN_EMPTY_BODY = YES;
				CLANG_WARN_ENUM_CONVERSION = YES;
				CLANG_WARN_INFINITE_RECURSION = YES;
				CLANG_WARN_INT_CONVERSION = YES;
				CLANG_WARN_NON_LITERAL_NULL_CONVERSION = YES;
				CLANG_WARN_OBJC_IMPLICIT_RETAIN_SELF = YES;
				CLANG_WARN_OBJC_LITERAL_CONVERSION = YES;
				CLANG_WARN_OBJC_ROOT_CLASS = YES_ERROR;
				CLANG_WARN_QUOTED_INCLUDE_IN_FRAMEWORK_HEADER = YES;
				CLANG_WARN_RANGE_LOOP_ANALYSIS = YES;
				CLANG_WARN_STRICT_PROTOTYPES = YES;
				CLANG_WARN_SUSPICIOUS_MOVE = YES;
				CLANG_WARN_UNGUARDED_AVAILABILITY = YES_AGGRESSIVE;
				CLANG_WARN_UNREACHABLE_CODE = YES;
				CLANG_WARN__DUPLICATE_METHOD_MATCH = YES;
				COPY_PHASE_STRIP = NO;
				DEBUG_INFORMATION_FORMAT = "dwarf-with-dsym";
				ENABLE_NS_ASSERTIONS = NO;
				ENABLE_STRICT_OBJC_MSGSEND = YES;
				ENABLE_USER_SCRIPT_SANDBOXING = YES;
				GCC_C_LANGUAGE_STANDARD = gnu17;
				GCC_NO_COMMON_BLOCKS = YES;
				GCC_WARN_64_TO_32_BIT_CONVERSION = YES;
				GCC_WARN_ABOUT_RETURN_TYPE = YES_ERROR;
				GCC_WARN_UNDECLARED_SELECTOR = YES;
				GCC_WARN_UNINITIALIZED_AUTOS = YES_AGGRESSIVE;
				GCC_WARN_UNUSED_FUNCTION = YES;
				GCC_WARN_UNUSED_VARIABLE = YES;
				IPHONEOS_DEPLOYMENT_TARGET = 17.5;
				LOCALIZATION_PREFERS_STRING_CATALOGS = YES;
				MTL_ENABLE_DEBUG_INFO = NO;
				MTL_FAST_MATH = YES;
				SDKROOT = iphoneos;
				SWIFT_COMPILATION_MODE = wholemodule;
				VALIDATE_PRODUCT = YES;
			};
			name = Release;
		};
		906F47F22C800BEC000BFF3C /* Debug */ = {
			isa = XCBuildConfiguration;
			buildSettings = {
				ASSETCATALOG_COMPILER_APPICON_NAME = AppIcon;
				ASSETCATALOG_COMPILER_GLOBAL_ACCENT_COLOR_NAME = AccentColor;
				CODE_SIGN_STYLE = Automatic;
				CURRENT_PROJECT_VERSION = 1;
				DEVELOPMENT_TEAM = W6LTKT9CX2;
				GENERATE_INFOPLIST_FILE = YES;
				INFOPLIST_FILE = TFTApi/Info.plist;
				INFOPLIST_KEY_UIApplicationSupportsIndirectInputEvents = YES;
				INFOPLIST_KEY_UILaunchStoryboardName = LaunchScreen;
				INFOPLIST_KEY_UIMainStoryboardFile = Main;
				INFOPLIST_KEY_UISupportedInterfaceOrientations_iPad = "UIInterfaceOrientationPortrait UIInterfaceOrientationPortraitUpsideDown UIInterfaceOrientationLandscapeLeft UIInterfaceOrientationLandscapeRight";
				INFOPLIST_KEY_UISupportedInterfaceOrientations_iPhone = "UIInterfaceOrientationPortrait UIInterfaceOrientationLandscapeLeft UIInterfaceOrientationLandscapeRight";
				LD_RUNPATH_SEARCH_PATHS = (
					"$(inherited)",
					"@executable_path/Frameworks",
				);
				MARKETING_VERSION = 1.0;
				PRODUCT_BUNDLE_IDENTIFIER = co.Fraughtchimp.TFTApi;
				PRODUCT_NAME = "$(TARGET_NAME)";
				SWIFT_EMIT_LOC_STRINGS = YES;
				SWIFT_VERSION = 5.0;
				TARGETED_DEVICE_FAMILY = "1,2";
			};
			name = Debug;
		};
		906F47F32C800BEC000BFF3C /* Release */ = {
			isa = XCBuildConfiguration;
			buildSettings = {
				ASSETCATALOG_COMPILER_APPICON_NAME = AppIcon;
				ASSETCATALOG_COMPILER_GLOBAL_ACCENT_COLOR_NAME = AccentColor;
				CODE_SIGN_STYLE = Automatic;
				CURRENT_PROJECT_VERSION = 1;
				DEVELOPMENT_TEAM = W6LTKT9CX2;
				GENERATE_INFOPLIST_FILE = YES;
				INFOPLIST_FILE = TFTApi/Info.plist;
				INFOPLIST_KEY_UIApplicationSupportsIndirectInputEvents = YES;
				INFOPLIST_KEY_UILaunchStoryboardName = LaunchScreen;
				INFOPLIST_KEY_UIMainStoryboardFile = Main;
				INFOPLIST_KEY_UISupportedInterfaceOrientations_iPad = "UIInterfaceOrientationPortrait UIInterfaceOrientationPortraitUpsideDown UIInterfaceOrientationLandscapeLeft UIInterfaceOrientationLandscapeRight";
				INFOPLIST_KEY_UISupportedInterfaceOrientations_iPhone = "UIInterfaceOrientationPortrait UIInterfaceOrientationLandscapeLeft UIInterfaceOrientationLandscapeRight";
				LD_RUNPATH_SEARCH_PATHS = (
					"$(inherited)",
					"@executable_path/Frameworks",
				);
				MARKETING_VERSION = 1.0;
				PRODUCT_BUNDLE_IDENTIFIER = co.Fraughtchimp.TFTApi;
				PRODUCT_NAME = "$(TARGET_NAME)";
				SWIFT_EMIT_LOC_STRINGS = YES;
				SWIFT_VERSION = 5.0;
				TARGETED_DEVICE_FAMILY = "1,2";
			};
			name = Release;
		};
/* End XCBuildConfiguration section */

/* Begin XCConfigurationList section */
		906F47D82C800BEB000BFF3C /* Build configuration list for PBXProject "TFTApi" */ = {
			isa = XCConfigurationList;
			buildConfigurations = (
				906F47EF2C800BEC000BFF3C /* Debug */,
				906F47F02C800BEC000BFF3C /* Release */,
			);
			defaultConfigurationIsVisible = 0;
			defaultConfigurationName = Release;
		};
		906F47F12C800BEC000BFF3C /* Build configuration list for PBXNativeTarget "TFTApi" */ = {
			isa = XCConfigurationList;
			buildConfigurations = (
				906F47F22C800BEC000BFF3C /* Debug */,
				906F47F32C800BEC000BFF3C /* Release */,
			);
			defaultConfigurationIsVisible = 0;
			defaultConfigurationName = Release;
		};
/* End XCConfigurationList section */
	};
	rootObject = 906F47D52C800BEB000BFF3C /* Project object */;
}
